
Microsoft Visual Studio Solution File, Format Version 12.00
# Visual Studio Version 16
VisualStudioVersion = 16.0.33130.400
MinimumVisualStudioVersion = 10.0.40219.1
Project("{FAE04EC0-301F-11D3-BF4B-00C04F79EFBC}") = "ProjetoFisiolates", "ProjetoFisiolates\ProjetoFisiolates.csproj", "{09EF449A-CDF8-4A3A-A379-AA05D5BEB245}"
EndProject
Global
	GlobalSection(SolutionConfigurationPlatforms) = preSolution
		Debug|Any CPU = Debug|Any CPU
		Release|Any CPU = Release|Any CPU
	EndGlobalSection
	GlobalSection(ProjectConfigurationPlatforms) = postSolution
		{09EF449A-CDF8-4A3A-A379-AA05D5BEB245}.Debug|Any CPU.ActiveCfg = Debug|Any CPU
		{09EF449A-CDF8-4A3A-A379-AA05D5BEB245}.Debug|Any CPU.Build.0 = Debug|Any CPU
		{09EF449A-CDF8-4A3A-A379-AA05D5BEB245}.Release|Any CPU.ActiveCfg = Release|Any CPU
		{09EF449A-CDF8-4A3A-A379-AA05D5BEB245}.Release|Any CPU.Build.0 = Release|Any CPU
	EndGlobalSection
	GlobalSection(SolutionProperties) = preSolution
		HideSolutionNode = FALSE
	EndGlobalSection
	GlobalSection(ExtensibilityGlobals) = postSolution
		SolutionGuid = {A800792E-01B3-45C7-82CE-C135D09008F6}
	EndGlobalSection
EndGlobal
